<?xml version="1.0" encoding="utf-8"?>
<Project ToolsVersion="4.0" xmlns="http://schemas.microsoft.com/developer/msbuild/2003">
  <ItemGroup>
    <Filter Include="Source Files">
      <UniqueIdentifier>{fd715dff-0374-4bc6-a24d-a10bec2c60b9}</UniqueIdentifier>
      <Extensions>cpp;c;cxx;rc;def;r;odl;idl;hpj;bat</Extensions>
    </Filter>
    <Filter Include="Header Files">
      <UniqueIdentifier>{d48a1df1-db1b-4b07-adf8-62618583d381}</UniqueIdentifier>
      <Extensions>h;hpp;hxx;hm;inl</Extensions>
    </Filter>
    <Filter Include="Resource Files">
      <UniqueIdentifier>{45c86a43-623e-4f59-ad9d-f95f71e75c00}</UniqueIdentifier>
      <Extensions>ico;cur;bmp;dlg;rc2;rct;bin;rgs;gif;jpg;jpeg;jpe</Extensions>
    </Filter>
  </ItemGroup>
  <ItemGroup>
    <ClCompile Include="..\..\demo\FTGLDemo.cpp">
      <Filter>Source Files</Filter>
    </ClCompile>
    <ClCompile Include="..\..\demo\tb.c">
      <Filter>Source Files</Filter>
    </ClCompile>
    <ClCompile Include="..\..\demo\trackball.c">
      <Filter>Source Files</Filter>
    </ClCompile>
  </ItemGroup>
  <ItemGroup>
    <ClInclude Include="..\..\demo\tb.h">
      <Filter>Header Files</Filter>
    </ClInclude>
    <ClInclude Include="..\..\demo\trackball.h">
      <Filter>Header Files</Filter>
    </ClInclude>
  </ItemGroup>
</Project>