<?xml version="1.0" encoding="utf-8"?>
<Project ToolsVersion="4.0" xmlns="http://schemas.microsoft.com/developer/msbuild/2003">
  <ItemGroup>
    <Filter Include="Source Files">
      <UniqueIdentifier>{c58fdc68-0bdf-4d1e-a655-58e3935f50df}</UniqueIdentifier>
      <Extensions>cpp;c;cxx;rc;def;r;odl;idl;hpj;bat</Extensions>
    </Filter>
    <Filter Include="Header Files">
      <UniqueIdentifier>{661338fb-2ab5-4f28-af5d-f947554efbd0}</UniqueIdentifier>
      <Extensions>h;hpp;hxx;hm;inl</Extensions>
    </Filter>
    <Filter Include="Source Files\Renderer">
      <UniqueIdentifier>{ed97ea7d-4cf7-424d-8c61-394b5804e91c}</UniqueIdentifier>
    </Filter>
    <Filter Include="Header Files\Renderer">
      <UniqueIdentifier>{8f70761c-8124-4407-a173-7144cd768119}</UniqueIdentifier>
    </Filter>
    <Filter Include="Header Files\Renderer\SOIL">
      <UniqueIdentifier>{5c6bd8bf-1786-4cb4-85a3-a36032888d63}</UniqueIdentifier>
    </Filter>
    <Filter Include="Source Files\Renderer\SOIL">
      <UniqueIdentifier>{e8837c62-d767-4acb-bed8-07ee2d731e46}</UniqueIdentifier>
    </Filter>
    <Filter Include="Source Files\NativePresetFactory">
      <UniqueIdentifier>{963c3ab1-33ac-4b4d-9c0a-c2fe5a44f30b}</UniqueIdentifier>
    </Filter>
    <Filter Include="Header Files\NativePresetFactory">
      <UniqueIdentifier>{9ab521a4-97ea-4e04-b5ba-8d575d845006}</UniqueIdentifier>
    </Filter>
    <Filter Include="Header Files\MilkdropPresetFactory">
      <UniqueIdentifier>{90a0c9b1-42b2-43cb-a683-2f784dd16ff5}</UniqueIdentifier>
    </Filter>
    <Filter Include="Source Files\MilkdropPresetFactory">
      <UniqueIdentifier>{ec5ea920-ce68-439a-a890-626dd880598b}</UniqueIdentifier>
    </Filter>
    <Filter Include="Header Files\omptl">
      <UniqueIdentifier>{ccff76a8-7c79-410b-beb9-70b49b9e4b74}</UniqueIdentifier>
    </Filter>
  </ItemGroup>
  <ItemGroup>
    <ClInclude Include="wipemalloc.h">
      <Filter>Header Files</Filter>
    </ClInclude>
    <ClInclude Include="carbontoprojectM.h">
      <Filter>Header Files</Filter>
    </ClInclude>
    <ClInclude Include="Common.hpp">
      <Filter>Header Files</Filter>
    </ClInclude>
    <ClInclude Include="ConfigFile.h">
      <Filter>Header Files</Filter>
    </ClInclude>
    <ClInclude Include="dlldefs.h">
      <Filter>Header Files</Filter>
    </ClInclude>
    <ClInclude Include="event.h">
      <Filter>Header Files</Filter>
    </ClInclude>
    <ClInclude Include="fatal.h">
      <Filter>Header Files</Filter>
    </ClInclude>
    <ClInclude Include="fftsg.h">
      <Filter>Header Files</Filter>
    </ClInclude>
    <ClInclude Include="glError.h">
      <Filter>Header Files</Filter>
    </ClInclude>
    <ClInclude Include="glew.h">
      <Filter>Header Files</Filter>
    </ClInclude>
    <ClInclude Include="glxew.h">
      <Filter>Header Files</Filter>
    </ClInclude>
    <ClInclude Include="HungarianMethod.hpp">
      <Filter>Header Files</Filter>
    </ClInclude>
    <ClInclude Include="IdleTextures.hpp">
      <Filter>Header Files</Filter>
    </ClInclude>
    <ClInclude Include="KeyHandler.hpp">
      <Filter>Header Files</Filter>
    </ClInclude>
    <ClInclude Include="lvtoprojectM.h">
      <Filter>Header Files</Filter>
    </ClInclude>
    <ClInclude Include="PCM.hpp">
      <Filter>Header Files</Filter>
    </ClInclude>
    <ClInclude Include="PipelineMerger.hpp">
      <Filter>Header Files</Filter>
    </ClInclude>
    <ClInclude Include="Preset.hpp">
      <Filter>Header Files</Filter>
    </ClInclude>
    <ClInclude Include="PresetChooser.hpp">
      <Filter>Header Files</Filter>
    </ClInclude>
    <ClInclude Include="PresetFactory.hpp">
      <Filter>Header Files</Filter>
    </ClInclude>
    <ClInclude Include="PresetFactoryManager.hpp">
      <Filter>Header Files</Filter>
    </ClInclude>
    <ClInclude Include="PresetLoader.hpp">
      <Filter>Header Files</Filter>
    </ClInclude>
    <ClInclude Include="projectM.hpp">
      <Filter>Header Files</Filter>
    </ClInclude>
    <ClInclude Include="RandomNumberGenerators.hpp">
      <Filter>Header Files</Filter>
    </ClInclude>
    <ClInclude Include="resource.h">
      <Filter>Header Files</Filter>
    </ClInclude>
    <ClInclude Include="sdltoprojectM.h">
      <Filter>Header Files</Filter>
    </ClInclude>
    <ClInclude Include="TimeKeeper.hpp">
      <Filter>Header Files</Filter>
    </ClInclude>
    <ClInclude Include="timer.h">
      <Filter>Header Files</Filter>
    </ClInclude>
    <ClInclude Include="win32-dirent.h">
      <Filter>Header Files</Filter>
    </ClInclude>
    <ClInclude Include="Renderer\BeatDetect.hpp">
      <Filter>Header Files\Renderer</Filter>
    </ClInclude>
    <ClInclude Include="Renderer\FBO.hpp">
      <Filter>Header Files\Renderer</Filter>
    </ClInclude>
    <ClInclude Include="Renderer\Filters.hpp">
      <Filter>Header Files\Renderer</Filter>
    </ClInclude>
    <ClInclude Include="Renderer\MilkdropWaveform.hpp">
      <Filter>Header Files\Renderer</Filter>
    </ClInclude>
    <ClInclude Include="Renderer\PerlinNoise.hpp">
      <Filter>Header Files\Renderer</Filter>
    </ClInclude>
    <ClInclude Include="Renderer\PerPixelMesh.hpp">
      <Filter>Header Files\Renderer</Filter>
    </ClInclude>
    <ClInclude Include="Renderer\Pipeline.hpp">
      <Filter>Header Files\Renderer</Filter>
    </ClInclude>
    <ClInclude Include="Renderer\PipelineContext.hpp">
      <Filter>Header Files\Renderer</Filter>
    </ClInclude>
    <ClInclude Include="Renderer\Renderable.hpp">
      <Filter>Header Files\Renderer</Filter>
    </ClInclude>
    <ClInclude Include="Renderer\Renderer.hpp">
      <Filter>Header Files\Renderer</Filter>
    </ClInclude>
    <ClInclude Include="Renderer\RenderItemDistanceMetric.hpp">
      <Filter>Header Files\Renderer</Filter>
    </ClInclude>
    <ClInclude Include="Renderer\RenderItemMatcher.hpp">
      <Filter>Header Files\Renderer</Filter>
    </ClInclude>
    <ClInclude Include="Renderer\RenderItemMergeFunction.hpp">
      <Filter>Header Files\Renderer</Filter>
    </ClInclude>
    <ClInclude Include="Renderer\Shader.hpp">
      <Filter>Header Files\Renderer</Filter>
    </ClInclude>
    <ClInclude Include="Renderer\ShaderEngine.hpp">
      <Filter>Header Files\Renderer</Filter>
    </ClInclude>
    <ClInclude Include="Renderer\TextureManager.hpp">
      <Filter>Header Files\Renderer</Filter>
    </ClInclude>
    <ClInclude Include="Renderer\Transformation.hpp">
      <Filter>Header Files\Renderer</Filter>
    </ClInclude>
    <ClInclude Include="Renderer\UserTexture.hpp">
      <Filter>Header Files\Renderer</Filter>
    </ClInclude>
    <ClInclude Include="Renderer\VideoEcho.hpp">
      <Filter>Header Files\Renderer</Filter>
    </ClInclude>
    <ClInclude Include="Renderer\Waveform.hpp">
      <Filter>Header Files\Renderer</Filter>
    </ClInclude>
    <ClInclude Include="Renderer\SOIL\stb_image_aug.h">
      <Filter>Header Files\Renderer\SOIL</Filter>
    </ClInclude>
    <ClInclude Include="Renderer\SOIL\stbi_DDS_aug.h">
      <Filter>Header Files\Renderer\SOIL</Filter>
    </ClInclude>
    <ClInclude Include="Renderer\SOIL\stbi_DDS_aug_c.h">
      <Filter>Header Files\Renderer\SOIL</Filter>
    </ClInclude>
    <ClInclude Include="Renderer\SOIL\image_DXT.h">
      <Filter>Header Files\Renderer\SOIL</Filter>
    </ClInclude>
    <ClInclude Include="Renderer\SOIL\image_helper.h">
      <Filter>Header Files\Renderer\SOIL</Filter>
    </ClInclude>
    <ClInclude Include="Renderer\SOIL\SOIL.h">
      <Filter>Header Files\Renderer\SOIL</Filter>
    </ClInclude>
    <ClInclude Include="NativePresetFactory\MilkdropCompatability.hpp">
      <Filter>Header Files\NativePresetFactory</Filter>
    </ClInclude>
    <ClInclude Include="NativePresetFactory\NativePresetFactory.hpp">
      <Filter>Header Files\NativePresetFactory</Filter>
    </ClInclude>
    <ClInclude Include="NativePresetFactory\NativePreset.hpp">
      <Filter>Header Files\NativePresetFactory</Filter>
    </ClInclude>
    <ClInclude Include="MilkdropPresetFactory\PresetFrameIO.hpp">
      <Filter>Header Files\MilkdropPresetFactory</Filter>
    </ClInclude>
    <ClInclude Include="MilkdropPresetFactory\BuiltinFuncs.hpp">
      <Filter>Header Files\MilkdropPresetFactory</Filter>
    </ClInclude>
    <ClInclude Include="MilkdropPresetFactory\BuiltinParams.hpp">
      <Filter>Header Files\MilkdropPresetFactory</Filter>
    </ClInclude>
    <ClInclude Include="MilkdropPresetFactory\CustomShape.hpp">
      <Filter>Header Files\MilkdropPresetFactory</Filter>
    </ClInclude>
    <ClInclude Include="MilkdropPresetFactory\CustomWave.hpp">
      <Filter>Header Files\MilkdropPresetFactory</Filter>
    </ClInclude>
    <ClInclude Include="MilkdropPresetFactory\CValue.hpp">
      <Filter>Header Files\MilkdropPresetFactory</Filter>
    </ClInclude>
    <ClInclude Include="MilkdropPresetFactory\Eval.hpp">
      <Filter>Header Files\MilkdropPresetFactory</Filter>
    </ClInclude>
    <ClInclude Include="MilkdropPresetFactory\Expr.hpp">
      <Filter>Header Files\MilkdropPresetFactory</Filter>
    </ClInclude>
    <ClInclude Include="MilkdropPresetFactory\Func.hpp">
      <Filter>Header Files\MilkdropPresetFactory</Filter>
    </ClInclude>
    <ClInclude Include="MilkdropPresetFactory\IdlePreset.hpp">
      <Filter>Header Files\MilkdropPresetFactory</Filter>
    </ClInclude>
    <ClInclude Include="MilkdropPresetFactory\InitCond.hpp">
      <Filter>Header Files\MilkdropPresetFactory</Filter>
    </ClInclude>
    <ClInclude Include="MilkdropPresetFactory\InitCondUtils.hpp">
      <Filter>Header Files\MilkdropPresetFactory</Filter>
    </ClInclude>
    <ClInclude Include="MilkdropPresetFactory\MilkdropPreset.hpp">
      <Filter>Header Files\MilkdropPresetFactory</Filter>
    </ClInclude>
    <ClInclude Include="MilkdropPresetFactory\MilkdropPresetFactory.hpp">
      <Filter>Header Files\MilkdropPresetFactory</Filter>
    </ClInclude>
    <ClInclude Include="MilkdropPresetFactory\Param.hpp">
      <Filter>Header Files\MilkdropPresetFactory</Filter>
    </ClInclude>
    <ClInclude Include="MilkdropPresetFactory\ParamUtils.hpp">
      <Filter>Header Files\MilkdropPresetFactory</Filter>
    </ClInclude>
    <ClInclude Include="MilkdropPresetFactory\Parser.hpp">
      <Filter>Header Files\MilkdropPresetFactory</Filter>
    </ClInclude>
    <ClInclude Include="MilkdropPresetFactory\PerFrameEqn.hpp">
      <Filter>Header Files\MilkdropPresetFactory</Filter>
    </ClInclude>
    <ClInclude Include="MilkdropPresetFactory\PerPixelEqn.hpp">
      <Filter>Header Files\MilkdropPresetFactory</Filter>
    </ClInclude>
    <ClInclude Include="MilkdropPresetFactory\PerPointEqn.hpp">
      <Filter>Header Files\MilkdropPresetFactory</Filter>
    </ClInclude>
    <ClInclude Include="omptl\omptl_tools.h">
      <Filter>Header Files\omptl</Filter>
    </ClInclude>
    <ClInclude Include="omptl\omptl_algorithm_par.h">
      <Filter>Header Files\omptl</Filter>
    </ClInclude>
    <ClInclude Include="omptl\omptl_algorithm_ser.h">
      <Filter>Header Files\omptl</Filter>
    </ClInclude>
    <ClInclude Include="omptl\omptl_numeric_extentions.h">
      <Filter>Header Files\omptl</Filter>
    </ClInclude>
    <ClInclude Include="omptl\omptl_numeric_extentions_par.h">
      <Filter>Header Files\omptl</Filter>
    </ClInclude>
    <ClInclude Include="omptl\omptl_numeric_extentions_ser.h">
      <Filter>Header Files\omptl</Filter>
    </ClInclude>
    <ClInclude Include="omptl\omptl_numeric_par.h">
      <Filter>Header Files\omptl</Filter>
    </ClInclude>
    <ClInclude Include="omptl\omptl_numeric_ser.h">
      <Filter>Header Files\omptl</Filter>
    </ClInclude>
  </ItemGroup>
  <ItemGroup>
    <ClCompile Include="PipelineMerger.cpp">
      <Filter>Source Files</Filter>
    </ClCompile>
    <ClCompile Include="Preset.cpp">
      <Filter>Source Files</Filter>
    </ClCompile>
    <ClCompile Include="PresetChooser.cpp">
      <Filter>Source Files</Filter>
    </ClCompile>
    <ClCompile Include="PresetFactory.cpp">
      <Filter>Source Files</Filter>
    </ClCompile>
    <ClCompile Include="PresetFactoryManager.cpp">
      <Filter>Source Files</Filter>
    </ClCompile>
    <ClCompile Include="PresetLoader.cpp">
      <Filter>Source Files</Filter>
    </ClCompile>
    <ClCompile Include="projectM.cpp">
      <Filter>Source Files</Filter>
    </ClCompile>
    <ClCompile Include="TimeKeeper.cpp">
      <Filter>Source Files</Filter>
    </ClCompile>
    <ClCompile Include="timer.cpp">
      <Filter>Source Files</Filter>
    </ClCompile>
    <ClCompile Include="win32-dirent.cpp">
      <Filter>Source Files</Filter>
    </ClCompile>
    <ClCompile Include="wipemalloc.cpp">
      <Filter>Source Files</Filter>
    </ClCompile>
    <ClCompile Include="ConfigFile.cpp">
      <Filter>Source Files</Filter>
    </ClCompile>
    <ClCompile Include="fftsg.cpp">
      <Filter>Source Files</Filter>
    </ClCompile>
    <ClCompile Include="KeyHandler.cpp">
      <Filter>Source Files</Filter>
    </ClCompile>
    <ClCompile Include="PCM.cpp">
      <Filter>Source Files</Filter>
    </ClCompile>
    <ClCompile Include="Renderer\Waveform.cpp">
      <Filter>Source Files\Renderer</Filter>
    </ClCompile>
    <ClCompile Include="Renderer\BeatDetect.cpp">
      <Filter>Source Files\Renderer</Filter>
    </ClCompile>
    <ClCompile Include="Renderer\FBO.cpp">
      <Filter>Source Files\Renderer</Filter>
    </ClCompile>
    <ClCompile Include="Renderer\Filters.cpp">
      <Filter>Source Files\Renderer</Filter>
    </ClCompile>
    <ClCompile Include="Renderer\MilkdropWaveform.cpp">
      <Filter>Source Files\Renderer</Filter>
    </ClCompile>
    <ClCompile Include="Renderer\PerlinNoise.cpp">
      <Filter>Source Files\Renderer</Filter>
    </ClCompile>
    <ClCompile Include="Renderer\PerPixelMesh.cpp">
      <Filter>Source Files\Renderer</Filter>
    </ClCompile>
    <ClCompile Include="Renderer\Pipeline.cpp">
      <Filter>Source Files\Renderer</Filter>
    </ClCompile>
    <ClCompile Include="Renderer\PipelineContext.cpp">
      <Filter>Source Files\Renderer</Filter>
    </ClCompile>
    <ClCompile Include="Renderer\Renderable.cpp">
      <Filter>Source Files\Renderer</Filter>
    </ClCompile>
    <ClCompile Include="Renderer\Renderer.cpp">
      <Filter>Source Files\Renderer</Filter>
    </ClCompile>
    <ClCompile Include="Renderer\RenderItemDistanceMetric.cpp">
      <Filter>Source Files\Renderer</Filter>
    </ClCompile>
    <ClCompile Include="Renderer\RenderItemMatcher.cpp">
      <Filter>Source Files\Renderer</Filter>
    </ClCompile>
    <ClCompile Include="Renderer\Shader.cpp">
      <Filter>Source Files\Renderer</Filter>
    </ClCompile>
    <ClCompile Include="Renderer\ShaderEngine.cpp">
      <Filter>Source Files\Renderer</Filter>
    </ClCompile>
    <ClCompile Include="Renderer\TextureManager.cpp">
      <Filter>Source Files\Renderer</Filter>
    </ClCompile>
    <ClCompile Include="Renderer\UserTexture.cpp">
      <Filter>Source Files\Renderer</Filter>
    </ClCompile>
    <ClCompile Include="Renderer\VideoEcho.cpp">
      <Filter>Source Files\Renderer</Filter>
    </ClCompile>
    <ClCompile Include="Renderer\SOIL\image_helper.c">
      <Filter>Source Files\Renderer\SOIL</Filter>
    </ClCompile>
    <ClCompile Include="Renderer\SOIL\SOIL.c">
      <Filter>Source Files\Renderer\SOIL</Filter>
    </ClCompile>
    <ClCompile Include="Renderer\SOIL\stb_image_aug.c">
      <Filter>Source Files\Renderer\SOIL</Filter>
    </ClCompile>
    <ClCompile Include="Renderer\SOIL\image_DXT.c">
      <Filter>Source Files\Renderer\SOIL</Filter>
    </ClCompile>
    <ClCompile Include="MilkdropPresetFactory\PresetFrameIO.cpp">
      <Filter>Source Files\MilkdropPresetFactory</Filter>
    </ClCompile>
    <ClCompile Include="MilkdropPresetFactory\BuiltinFuncs.cpp">
      <Filter>Source Files\MilkdropPresetFactory</Filter>
    </ClCompile>
    <ClCompile Include="MilkdropPresetFactory\BuiltinParams.cpp">
      <Filter>Source Files\MilkdropPresetFactory</Filter>
    </ClCompile>
    <ClCompile Include="MilkdropPresetFactory\CustomShape.cpp">
      <Filter>Source Files\MilkdropPresetFactory</Filter>
    </ClCompile>
    <ClCompile Include="MilkdropPresetFactory\CustomWave.cpp">
      <Filter>Source Files\MilkdropPresetFactory</Filter>
    </ClCompile>
    <ClCompile Include="MilkdropPresetFactory\Eval.cpp">
      <Filter>Source Files\MilkdropPresetFactory</Filter>
    </ClCompile>
    <ClCompile Include="MilkdropPresetFactory\Expr.cpp">
      <Filter>Source Files\MilkdropPresetFactory</Filter>
    </ClCompile>
    <ClCompile Include="MilkdropPresetFactory\Func.cpp">
      <Filter>Source Files\MilkdropPresetFactory</Filter>
    </ClCompile>
    <ClCompile Include="MilkdropPresetFactory\IdlePreset.cpp">
      <Filter>Source Files\MilkdropPresetFactory</Filter>
    </ClCompile>
    <ClCompile Include="MilkdropPresetFactory\InitCond.cpp">
      <Filter>Source Files\MilkdropPresetFactory</Filter>
    </ClCompile>
    <ClCompile Include="MilkdropPresetFactory\MilkdropPreset.cpp">
      <Filter>Source Files\MilkdropPresetFactory</Filter>
    </ClCompile>
    <ClCompile Include="MilkdropPresetFactory\MilkdropPresetFactory.cpp">
      <Filter>Source Files\MilkdropPresetFactory</Filter>
    </ClCompile>
    <ClCompile Include="MilkdropPresetFactory\Param.cpp">
      <Filter>Source Files\MilkdropPresetFactory</Filter>
    </ClCompile>
    <ClCompile Include="MilkdropPresetFactory\Parser.cpp">
      <Filter>Source Files\MilkdropPresetFactory</Filter>
    </ClCompile>
    <ClCompile Include="MilkdropPresetFactory\PerFrameEqn.cpp">
      <Filter>Source Files\MilkdropPresetFactory</Filter>
    </ClCompile>
    <ClCompile Include="MilkdropPresetFactory\PerPixelEqn.cpp">
      <Filter>Source Files\MilkdropPresetFactory</Filter>
    </ClCompile>
    <ClCompile Include="MilkdropPresetFactory\PerPointEqn.cpp">
      <Filter>Source Files\MilkdropPresetFactory</Filter>
    </ClCompile>
  </ItemGroup>
</Project>